// !$*UTF8*$!
{
	archiveVersion = 1;
	classes = {
	};
	objectVersion = 39;
	objects = {
		0249A66BFF388E3F11CA2CEA = {
			isa = PBXFileReference;
			lastKnownFileType = archive.ar;
			name = "libstdc++.a";
			path = "/usr/lib/libstdc++.a";
			refType = 0;
			sourceTree = "<absolute>";
		};
//020
//021
//022
//023
//024
//080
//081
//082
//083
//084
		0867D6AAFE840B52C02AAC07 = {
			children = (
				0867D6ABFE840B52C02AAC07,
			);
			isa = PBXVariantGroup;
			name = InfoPlist.strings;
			refType = 4;
			sourceTree = "<group>";
		};
		0867D6ABFE840B52C02AAC07 = {
			fileEncoding = 10;
			isa = PBXFileReference;
			lastKnownFileType = text.plist.strings;
			name = English;
			path = English.lproj/InfoPlist.strings;
			refType = 4;
			sourceTree = "<group>";
		};
//080
//081
//082
//083
//084
//190
//191
//192
//193
//194
		195DF8CFFE9D517E11CA2CBB = {
			children = (
				8D0C4E970486CD37000505A6,
				7668D2E308864A66004158C6,
			);
			isa = PBXGroup;
			name = Products;
			refType = 4;
			sourceTree = "<group>";
		};
//190
//191
//192
//193
//194
//200
//201
//202
//203
//204
		20286C28FDCF999611CA2CEA = {
			buildSettings = {
			};
			buildStyles = (
				4A9504C5FFE6A39111CA0CBA,
				4A9504C6FFE6A39111CA0CBA,
				37375172078D57F300B1DFA0,
			);
			hasScannedForEncodings = 1;
			isa = PBXProject;
			mainGroup = 20286C29FDCF999611CA2CEA;
			projectDirPath = "";
			targets = (
				8D0C4E890486CD37000505A6,
				76B2FB68084CE6E9002FBDA1,
				7668D2E208864A66004158C6,
				76D02AFD0894900E00D89155,
			);
		};
		20286C29FDCF999611CA2CEA = {
			children = (
				20286C2AFDCF999611CA2CEA,
				20286C2CFDCF999611CA2CEA,
				20286C32FDCF999611CA2CEA,
				195DF8CFFE9D517E11CA2CBB,
				7668D2E508864A67004158C6,
			);
			isa = PBXGroup;
			name = Polyworld;
			path = "";
			refType = 4;
			sourceTree = "<group>";
		};
		20286C2AFDCF999611CA2CEA = {
			children = (
				76CBA55C062BED8E001C79E7,
				76CBA573062BEDBC001C79E7,
				76CBA57A062BEDBC001C79E7,
				76CBA580062BEDBC001C79E7,
				76CBA598062BEDBC001C79E7,
				76CBA5A3062BEDBC001C79E7,
				32DBCF6D0370B57F00C91783,
				7668D2F508864AA3004158C6,
			);
			isa = PBXGroup;
			name = Sources;
			path = "";
			refType = 4;
			sourceTree = "<group>";
		};
		20286C2CFDCF999611CA2CEA = {
			children = (
				76BB7C9E074D4CE500576391,
				76CBA5E2062BEE2B001C79E7,
				76CBA5E3062BEE2B001C79E7,
				8D0C4E960486CD37000505A6,
				0867D6AAFE840B52C02AAC07,
			);
			isa = PBXGroup;
			name = Resources;
			path = "";
			refType = 4;
			sourceTree = "<group>";
		};
		20286C32FDCF999611CA2CEA = {
			children = (
				373751E2078D762B00B1DFA0,
				76AA4616073AAEFF00508D3D,
				76CBA7CC062D11C2001C79E7,
				20286C33FDCF999611CA2CEA,
				4A9504CAFFE6A41611CA0CBA,
				4A9504C8FFE6A3BC11CA0CBA,
				0249A66BFF388E3F11CA2CEA,
			);
			isa = PBXGroup;
			name = "External Frameworks and Libraries";
			path = "";
			refType = 4;
			sourceTree = "<group>";
		};
		20286C33FDCF999611CA2CEA = {
			isa = PBXFileReference;
			lastKnownFileType = wrapper.framework;
			name = Carbon.framework;
			path = /System/Library/Frameworks/Carbon.framework;
			refType = 0;
			sourceTree = "<absolute>";
		};
//200
//201
//202
//203
//204
//320
//321
//322
//323
//324
		32DBCF6D0370B57F00C91783 = {
			fileEncoding = 4;
			isa = PBXFileReference;
			lastKnownFileType = sourcecode.c.h;
			path = PolyworldPrefix.pch;
			refType = 4;
			sourceTree = "<group>";
		};
//320
//321
//322
//323
//324
//370
//371
//372
//373
//374
		37375172078D57F300B1DFA0 = {
			buildSettings = {
				COPY_PHASE_STRIP = NO;
				DEAD_CODE_STRIPPING = YES;
				GCC_ALTIVEC_EXTENSIONS = YES;
				GCC_ENABLE_FIX_AND_CONTINUE = NO;
				GENERATE_PROFILING_CODE = YES;
				ZERO_LINK = NO;
			};
			isa = PBXBuildStyle;
			name = Profiling;
		};
		373751E2078D762B00B1DFA0 = {
			isa = PBXFileReference;
			lastKnownFileType = wrapper.framework;
			name = vecLib.framework;
			path = /System/Library/Frameworks/vecLib.framework;
			refType = 0;
			sourceTree = "<absolute>";
		};
		373751E3078D762B00B1DFA0 = {
			fileRef = 373751E2078D762B00B1DFA0;
			isa = PBXBuildFile;
			settings = {
			};
		};
		37577667078C8C6200CA4042 = {
			fileEncoding = 4;
			isa = PBXFileReference;
			lastKnownFileType = sourcecode.cpp.cpp;
			path = moc_PWApp.cpp;
			refType = 4;
			sourceTree = "<group>";
		};
		37577668078C8C6200CA4042 = {
			fileEncoding = 4;
			isa = PBXFileReference;
			lastKnownFileType = sourcecode.cpp.cpp;
			path = moc_Simulation.cpp;
			refType = 4;
			sourceTree = "<group>";
		};
		37577669078C8C6200CA4042 = {
			fileRef = 37577667078C8C6200CA4042;
			isa = PBXBuildFile;
			settings = {
			};
		};
		3757766A078C8C6200CA4042 = {
			fileRef = 37577668078C8C6200CA4042;
			isa = PBXBuildFile;
			settings = {
			};
		};
		37577841078C8E8100CA4042 = {
			buildActionMask = 2147483647;
			dstPath = "";
			dstSubfolderSpec = 16;
			files = (
				37577842078C8E9900CA4042,
				37577843078C8E9900CA4042,
				37577844078C8E9900CA4042,
			);
			isa = PBXCopyFilesBuildPhase;
			runOnlyForDeploymentPostprocessing = 0;
		};
		37577842078C8E9900CA4042 = {
			fileRef = 76BB7C9E074D4CE500576391;
			isa = PBXBuildFile;
			settings = {
			};
		};
		37577843078C8E9900CA4042 = {
			fileRef = 76CBA5E2062BEE2B001C79E7;
			isa = PBXBuildFile;
			settings = {
			};
		};
		37577844078C8E9900CA4042 = {
			fileRef = 76CBA5E3062BEE2B001C79E7;
			isa = PBXBuildFile;
			settings = {
			};
		};
//370
//371
//372
//373
//374
//4A0
//4A1
//4A2
//4A3
//4A4
		4A9504C5FFE6A39111CA0CBA = {
			buildSettings = {
				COPY_PHASE_STRIP = NO;
				DEBUGGING_SYMBOLS = YES;
				GCC_DYNAMIC_NO_PIC = NO;
				GCC_ENABLE_FIX_AND_CONTINUE = NO;
				GCC_GENERATE_DEBUGGING_SYMBOLS = YES;
				GCC_OPTIMIZATION_LEVEL = 0;
				OPTIMIZATION_CFLAGS = "-O0";
				OTHER_LDFLAGS = "-lQtGui_debug -lQtCore_debug -lQtOpenGL_debug -lz";
				ZERO_LINK = NO;
			};
			isa = PBXBuildStyle;
			name = Development;
		};
		4A9504C6FFE6A39111CA0CBA = {
			buildSettings = {
				COPY_PHASE_STRIP = YES;
				GCC_ENABLE_FIX_AND_CONTINUE = NO;
				GCC_MODEL_TUNING = G5;
				GCC_OPTIMIZATION_LEVEL = 3;
				OTHER_CPLUSPLUSFLAGS = "-DQT_NO_DEBUG";
				OTHER_LDFLAGS = "-lQtGui -lQtCore -lQtOpenGL -lz";
				ZERO_LINK = NO;
			};
			isa = PBXBuildStyle;
			name = Deployment;
		};
		4A9504C8FFE6A3BC11CA0CBA = {
			isa = PBXFileReference;
			lastKnownFileType = wrapper.framework;
			name = ApplicationServices.framework;
			path = /System/Library/Frameworks/ApplicationServices.framework;
			refType = 0;
			sourceTree = "<absolute>";
		};
		4A9504CAFFE6A41611CA0CBA = {
			isa = PBXFileReference;
			lastKnownFileType = wrapper.framework;
			name = CoreServices.framework;
			path = /System/Library/Frameworks/CoreServices.framework;
			refType = 0;
			sourceTree = "<absolute>";
		};
//4A0
//4A1
//4A2
//4A3
//4A4
//760
//761
//762
//763
//764
		760097BD0887874B008CD45B = {
			fileEncoding = 30;
			isa = PBXFileReference;
			lastKnownFileType = sourcecode.c.h;
			path = PwMoviePlayer.h;
			refType = 4;
			sourceTree = "<group>";
		};
		760097E608879D78008CD45B = {
			fileEncoding = 30;
			isa = PBXFileReference;
			lastKnownFileType = sourcecode.c.h;
			path = MainWindow.h;
			refType = 4;
			sourceTree = "<group>";
		};
		760097E708879D78008CD45B = {
			fileRef = 760097E608879D78008CD45B;
			isa = PBXBuildFile;
			settings = {
			};
		};
		7668D1680885AC65004158C6 = {
			fileEncoding = 30;
			isa = PBXFileReference;
			lastKnownFileType = sourcecode.cpp.cpp;
			path = PwMovieTools.cp;
			refType = 4;
			sourceTree = "<group>";
		};
		7668D1690885AC65004158C6 = {
			fileRef = 7668D1680885AC65004158C6;
			isa = PBXBuildFile;
			settings = {
			};
		};
		7668D16A0885AD07004158C6 = {
			fileEncoding = 30;
			isa = PBXFileReference;
			lastKnownFileType = sourcecode.c.h;
			path = PwMovieTools.h;
			refType = 4;
			sourceTree = "<group>";
		};
		7668D16B0885AD07004158C6 = {
			fileRef = 7668D16A0885AD07004158C6;
			isa = PBXBuildFile;
			settings = {
			};
		};
		7668D2DF08864A66004158C6 = {
			buildActionMask = 2147483647;
			files = (
				760097E708879D78008CD45B,
			);
			isa = PBXResourcesBuildPhase;
			runOnlyForDeploymentPostprocessing = 0;
		};
		7668D2E008864A66004158C6 = {
			buildActionMask = 2147483647;
			files = (
				7668D2F208864A7E004158C6,
				7668D30008864B8A004158C6,
				7668D30E088650F0004158C6,
				76D02B050894910800D89155,
				76D02B060894910800D89155,
				76D02CC70894CEE300D89155,
				76D02CE40894D30200D89155,
			);
			isa = PBXSourcesBuildPhase;
			runOnlyForDeploymentPostprocessing = 0;
		};
		7668D2E108864A66004158C6 = {
			buildActionMask = 2147483647;
			files = (
				76D02AE30894875A00D89155,
				76D02AE40894875B00D89155,
				76D02AE50894875D00D89155,
				76D02AE60894875E00D89155,
			);
			isa = PBXFrameworksBuildPhase;
			runOnlyForDeploymentPostprocessing = 0;
		};
		7668D2E208864A66004158C6 = {
			buildPhases = (
				7668D2DF08864A66004158C6,
				7668D2E008864A66004158C6,
				7668D2E108864A66004158C6,
			);
			buildRules = (
			);
			buildSettings = {
				GCC_GENERATE_DEBUGGING_SYMBOLS = NO;
				GCC_MODEL_TUNING = G5;
				GCC_PRECOMPILE_PREFIX_HEADER = YES;
				GCC_PREFIX_HEADER = "";
				HEADER_SEARCH_PATHS = "$QtInc $QtInc/QtCore $QtInc/QtGui $QtInc/QtOpenGL /System/Library/Frameworks/OpenGL.framework/Headers /System/Library/Frameworks/AGL.framework";
				INFOPLIST_FILE = "PwMoviePlayer-Info.plist";
				INSTALL_PATH = "$(USER_APPS_DIR)";
				LIBRARY_SEARCH_PATHS = "\"$QtLib\" /usr/lib/gcc/darwin/3.3";
				OTHER_CFLAGS = "-DQT_ACCESSIBILITY_SUPPORT -DQT_TABLET_SUPPORT -DQT_NO_DEBUG";
				OTHER_LDFLAGS = "-framework Carbon";
				OTHER_REZFLAGS = "";
				PREBINDING = YES;
				PRODUCT_NAME = PwMoviePlayer;
				SECTORDER_FLAGS = "";
				WARNING_CFLAGS = "-Wmost -Wno-four-char-constants -Wno-unknown-pragmas";
			};
			dependencies = (
				76D02B02089490DB00D89155,
			);
			isa = PBXNativeTarget;
			name = PwMoviePlayer;
			productName = PwMoviePlayer;
			productReference = 7668D2E308864A66004158C6;
			productSettingsXML = "<?xml version=\"1.0\" encoding=\"UTF-8\"?>
<!DOCTYPE plist PUBLIC \"-//Apple Computer//DTD PLIST 1.0//EN\" \"http://www.apple.com/DTDs/PropertyList-1.0.dtd\">
<plist version=\"1.0\">
<dict>
	<key>CFBundleDevelopmentRegion</key>
	<string>English</string>
	<key>CFBundleExecutable</key>
	<string>PwMoviePlayer</string>
	<key>CFBundleIdentifier</key>
	<string>com.yourcompany.PwMoviePlayer</string>
	<key>CFBundleInfoDictionaryVersion</key>
	<string>6.0</string>
	<key>CFBundlePackageType</key>
	<string>APPL</string>
	<key>CFBundleSignature</key>
	<string>????</string>
	<key>CFBundleVersion</key>
	<string>1.0</string>
</dict>
</plist>
";
			productType = "com.apple.product-type.application";
		};
		7668D2E308864A66004158C6 = {
			explicitFileType = wrapper.application;
			includeInIndex = 0;
			isa = PBXFileReference;
			path = PwMoviePlayer.app;
			refType = 3;
			sourceTree = BUILT_PRODUCTS_DIR;
		};
		7668D2E508864A67004158C6 = {
			isa = PBXFileReference;
			lastKnownFileType = text.plist.xml;
			path = "PwMoviePlayer-Info.plist";
			refType = 4;
			sourceTree = "<group>";
		};
		7668D2F208864A7E004158C6 = {
			fileRef = 7668D1680885AC65004158C6;
			isa = PBXBuildFile;
			settings = {
			};
		};
		7668D2F508864AA3004158C6 = {
			children = (
				7668D2FF08864B8A004158C6,
				760097BD0887874B008CD45B,
				7668D30D088650F0004158C6,
				760097E608879D78008CD45B,
				76D02CC60894CEE300D89155,
				76D02CC00894CE2800D89155,
				76D02B040894910800D89155,
				76D02B030894910800D89155,
				76D02CE30894D30200D89155,
			);
			isa = PBXGroup;
			path = PwMoviePlayer;
			refType = 4;
			sourceTree = "<group>";
		};
		7668D2FF08864B8A004158C6 = {
			fileEncoding = 30;
			isa = PBXFileReference;
			lastKnownFileType = sourcecode.cpp.cpp;
			path = PwMoviePlayer.cp;
			refType = 4;
			sourceTree = "<group>";
		};
		7668D30008864B8A004158C6 = {
			fileRef = 7668D2FF08864B8A004158C6;
			isa = PBXBuildFile;
			settings = {
			};
		};
		7668D30D088650F0004158C6 = {
			fileEncoding = 30;
			isa = PBXFileReference;
			lastKnownFileType = sourcecode.cpp.cpp;
			path = MainWindow.cp;
			refType = 4;
			sourceTree = "<group>";
		};
		7668D30E088650F0004158C6 = {
			fileRef = 7668D30D088650F0004158C6;
			isa = PBXBuildFile;
			settings = {
			};
		};
		769996580742BCF0001B0A65 = {
			fileEncoding = 30;
			isa = PBXFileReference;
			lastKnownFileType = sourcecode.c.h;
			path = gdlink.h;
			refType = 4;
			sourceTree = "<group>";
		};
		769996590742BCF0001B0A65 = {
			fileRef = 769996580742BCF0001B0A65;
			isa = PBXBuildFile;
			settings = {
			};
		};
		76AA4616073AAEFF00508D3D = {
			isa = PBXFileReference;
			lastKnownFileType = wrapper.framework;
			name = AGL.framework;
			path = /System/Library/Frameworks/AGL.framework;
			refType = 0;
			sourceTree = "<absolute>";
		};
		76AA4617073AAEFF00508D3D = {
			fileRef = 76AA4616073AAEFF00508D3D;
			isa = PBXBuildFile;
			settings = {
			};
		};
		76AA4626073AAF7E00508D3D = {
			fileEncoding = 30;
			isa = PBXFileReference;
			lastKnownFileType = sourcecode.cpp.cpp;
			path = TextStatusWindow.cp;
			refType = 4;
			sourceTree = "<group>";
		};
		76AA4627073AAF7E00508D3D = {
			fileEncoding = 30;
			isa = PBXFileReference;
			lastKnownFileType = sourcecode.c.h;
			path = TextStatusWindow.h;
			refType = 4;
			sourceTree = "<group>";
		};
		76AA4628073AAF7E00508D3D = {
			fileRef = 76AA4626073AAF7E00508D3D;
			isa = PBXBuildFile;
			settings = {
			};
		};
		76AA4629073AAF7E00508D3D = {
			fileRef = 76AA4627073AAF7E00508D3D;
			isa = PBXBuildFile;
			settings = {
			};
		};
		76B2FB67084CE6E9002FBDA1 = {
			buildActionMask = 2147483647;
			files = (
			);
			inputPaths = (
			);
			isa = PBXShellScriptBuildPhase;
			outputPaths = (
			);
			runOnlyForDeploymentPostprocessing = 0;
			shellPath = /bin/sh;
			shellScript = "#echo QtBin = $QtBin\n#echo QtLib = $QtLib\n#echo QtInc = $QtInc\n\nif [ app/Simulation.h -nt app/moc_Simulation.cpp ]; then $QtBin/moc app/Simulation.h -o app/moc_Simulation.cpp; fi\nif [ app/PWApp.h      -nt app/moc_PWApp.cpp      ]; then $QtBin/moc app/PWApp.h      -o app/moc_PWApp.cpp     ; fi\nexit 0";
		};
		76B2FB68084CE6E9002FBDA1 = {
			buildPhases = (
				76B2FB67084CE6E9002FBDA1,
			);
			buildSettings = {
				OTHER_CFLAGS = "";
				OTHER_LDFLAGS = "";
				OTHER_REZFLAGS = "";
				PRODUCT_NAME = moc;
				SECTORDER_FLAGS = "";
				WARNING_CFLAGS = "-Wmost -Wno-four-char-constants -Wno-unknown-pragmas";
			};
			dependencies = (
			);
			isa = PBXAggregateTarget;
			name = moc;
			productName = moc;
		};
		76B2FB6F084CE761002FBDA1 = {
			containerPortal = 20286C28FDCF999611CA2CEA;
			isa = PBXContainerItemProxy;
			proxyType = 1;
			remoteGlobalIDString = 76B2FB68084CE6E9002FBDA1;
			remoteInfo = moc;
		};
		76B2FB70084CE761002FBDA1 = {
			isa = PBXTargetDependency;
			target = 76B2FB68084CE6E9002FBDA1;
			targetProxy = 76B2FB6F084CE761002FBDA1;
		};
		76BB7C9E074D4CE500576391 = {
			fileEncoding = 30;
			isa = PBXFileReference;
			lastKnownFileType = text;
			path = worldfile;
			refType = 4;
			sourceTree = "<group>";
		};
		76CBA55C062BED8E001C79E7 = {
			children = (
				76CBA55D062BED8E001C79E7,
				76CBA55E062BED8E001C79E7,
				76CBA55F062BED8E001C79E7,
				76CBA560062BED8E001C79E7,
				76CBA561062BED8E001C79E7,
				76CBA562062BED8E001C79E7,
				76CBA563062BED8E001C79E7,
				76CBA564062BED8E001C79E7,
				76CBA566062BED8E001C79E7,
				76CBA567062BED8E001C79E7,
				37577667078C8C6200CA4042,
				37577668078C8C6200CA4042,
			);
			isa = PBXGroup;
			path = app;
			refType = 4;
			sourceTree = "<group>";
		};
		76CBA55D062BED8E001C79E7 = {
			fileEncoding = 30;
			isa = PBXFileReference;
			lastKnownFileType = sourcecode.cpp.cpp;
			path = debug.cp;
			refType = 4;
			sourceTree = "<group>";
		};
		76CBA55E062BED8E001C79E7 = {
			fileEncoding = 30;
			isa = PBXFileReference;
			lastKnownFileType = sourcecode.c.h;
			path = debug.h;
			refType = 4;
			sourceTree = "<group>";
		};
		76CBA55F062BED8E001C79E7 = {
			fileEncoding = 30;
			isa = PBXFileReference;
			lastKnownFileType = sourcecode.cpp.cpp;
			path = dumpload.cp;
			refType = 4;
			sourceTree = "<group>";
		};
		76CBA560062BED8E001C79E7 = {
			fileEncoding = 30;
			isa = PBXFileReference;
			lastKnownFileType = sourcecode.cpp.cpp;
			path = globals.cp;
			refType = 4;
			sourceTree = "<group>";
		};
		76CBA561062BED8E001C79E7 = {
			fileEncoding = 30;
			isa = PBXFileReference;
			lastKnownFileType = sourcecode.c.h;
			path = globals.h;
			refType = 4;
			sourceTree = "<group>";
		};
		76CBA562062BED8E001C79E7 = {
			fileEncoding = 30;
			isa = PBXFileReference;
			lastKnownFileType = sourcecode.cpp.cpp;
			path = PWApp.cp;
			refType = 4;
			sourceTree = "<group>";
		};
		76CBA563062BED8E001C79E7 = {
			fileEncoding = 30;
			isa = PBXFileReference;
			lastKnownFileType = sourcecode.c.h;
			path = PWApp.h;
			refType = 4;
			sourceTree = "<group>";
		};
		76CBA564062BED8E001C79E7 = {
			fileEncoding = 30;
			isa = PBXFileReference;
			lastKnownFileType = sourcecode.c.h;
			path = PWTypes.h;
			refType = 4;
			sourceTree = "<group>";
		};
		76CBA566062BED8E001C79E7 = {
			fileEncoding = 30;
			isa = PBXFileReference;
			lastKnownFileType = sourcecode.cpp.cpp;
			path = Simulation.cp;
			refType = 4;
			sourceTree = "<group>";
		};
		76CBA567062BED8E001C79E7 = {
			fileEncoding = 30;
			isa = PBXFileReference;
			lastKnownFileType = sourcecode.c.h;
			path = Simulation.h;
			refType = 4;
			sourceTree = "<group>";
		};
		76CBA568062BED8E001C79E7 = {
			fileRef = 76CBA55D062BED8E001C79E7;
			isa = PBXBuildFile;
			settings = {
			};
		};
		76CBA569062BED8E001C79E7 = {
			fileRef = 76CBA55E062BED8E001C79E7;
			isa = PBXBuildFile;
			settings = {
			};
		};
		76CBA56B062BED8E001C79E7 = {
			fileRef = 76CBA560062BED8E001C79E7;
			isa = PBXBuildFile;
			settings = {
			};
		};
		76CBA56C062BED8E001C79E7 = {
			fileRef = 76CBA561062BED8E001C79E7;
			isa = PBXBuildFile;
			settings = {
			};
		};
		76CBA56D062BED8E001C79E7 = {
			fileRef = 76CBA562062BED8E001C79E7;
			isa = PBXBuildFile;
			settings = {
			};
		};
		76CBA56E062BED8E001C79E7 = {
			fileRef = 76CBA563062BED8E001C79E7;
			isa = PBXBuildFile;
			settings = {
			};
		};
		76CBA56F062BED8E001C79E7 = {
			fileRef = 76CBA564062BED8E001C79E7;
			isa = PBXBuildFile;
			settings = {
			};
		};
		76CBA571062BED8E001C79E7 = {
			fileRef = 76CBA566062BED8E001C79E7;
			isa = PBXBuildFile;
			settings = {
			};
		};
		76CBA572062BED8E001C79E7 = {
			fileRef = 76CBA567062BED8E001C79E7;
			isa = PBXBuildFile;
			settings = {
			};
		};
		76CBA573062BEDBC001C79E7 = {
			children = (
				76CBA574062BEDBC001C79E7,
				76CBA575062BEDBC001C79E7,
				76CBA576062BEDBC001C79E7,
				76CBA577062BEDBC001C79E7,
				76CBA578062BEDBC001C79E7,
				76CBA579062BEDBC001C79E7,
			);
			isa = PBXGroup;
			path = critter;
			refType = 4;
			sourceTree = "<group>";
		};
		76CBA574062BEDBC001C79E7 = {
			fileEncoding = 30;
			isa = PBXFileReference;
			lastKnownFileType = sourcecode.cpp.cpp;
			path = brain.cp;
			refType = 4;
			sourceTree = "<group>";
		};
		76CBA575062BEDBC001C79E7 = {
			fileEncoding = 30;
			isa = PBXFileReference;
			lastKnownFileType = sourcecode.c.h;
			path = brain.h;
			refType = 4;
			sourceTree = "<group>";
		};
		76CBA576062BEDBC001C79E7 = {
			fileEncoding = 30;
			isa = PBXFileReference;
			lastKnownFileType = sourcecode.cpp.cpp;
			path = critter.cp;
			refType = 4;
			sourceTree = "<group>";
		};
		76CBA577062BEDBC001C79E7 = {
			fileEncoding = 30;
			isa = PBXFileReference;
			lastKnownFileType = sourcecode.c.h;
			path = critter.h;
			refType = 4;
			sourceTree = "<group>";
		};
		76CBA578062BEDBC001C79E7 = {
			fileEncoding = 30;
			isa = PBXFileReference;
			lastKnownFileType = sourcecode.cpp.cpp;
			path = genome.cp;
			refType = 4;
			sourceTree = "<group>";
		};
		76CBA579062BEDBC001C79E7 = {
			fileEncoding = 30;
			isa = PBXFileReference;
			lastKnownFileType = sourcecode.c.h;
			path = genome.h;
			refType = 4;
			sourceTree = "<group>";
		};
		76CBA57A062BEDBC001C79E7 = {
			children = (
				76CBA57B062BEDBC001C79E7,
				76CBA57C062BEDBC001C79E7,
				76CBA57D062BEDBC001C79E7,
				76CBA57E062BEDBC001C79E7,
				76CBA57F062BEDBC001C79E7,
			);
			isa = PBXGroup;
			path = environment;
			refType = 4;
			sourceTree = "<group>";
		};
		76CBA57B062BEDBC001C79E7 = {
			fileEncoding = 30;
			isa = PBXFileReference;
			lastKnownFileType = sourcecode.cpp.cpp;
			path = barrier.cp;
			refType = 4;
			sourceTree = "<group>";
		};
		76CBA57C062BEDBC001C79E7 = {
			fileEncoding = 30;
			isa = PBXFileReference;
			lastKnownFileType = sourcecode.c.h;
			path = barrier.h;
			refType = 4;
			sourceTree = "<group>";
		};
		76CBA57D062BEDBC001C79E7 = {
			fileEncoding = 30;
			isa = PBXFileReference;
			lastKnownFileType = sourcecode.cpp.cpp;
			path = food.cp;
			refType = 4;
			sourceTree = "<group>";
		};
		76CBA57E062BEDBC001C79E7 = {
			fileEncoding = 30;
			isa = PBXFileReference;
			lastKnownFileType = sourcecode.c.h;
			path = food.h;
			refType = 4;
			sourceTree = "<group>";
		};
		76CBA57F062BEDBC001C79E7 = {
			fileEncoding = 30;
			isa = PBXFileReference;
			lastKnownFileType = sourcecode.c.h;
			path = graybin.h;
			refType = 4;
			sourceTree = "<group>";
		};
		76CBA580062BEDBC001C79E7 = {
			children = (
				76CBA581062BEDBC001C79E7,
				76CBA582062BEDBC001C79E7,
				76CBA583062BEDBC001C79E7,
				76CBA584062BEDBC001C79E7,
				76CBA585062BEDBC001C79E7,
				76CBA586062BEDBC001C79E7,
				76CBA587062BEDBC001C79E7,
				76CBA588062BEDBC001C79E7,
				76CBA589062BEDBC001C79E7,
				76CBA58A062BEDBC001C79E7,
				76CBA58B062BEDBC001C79E7,
				76CBA58C062BEDBC001C79E7,
				76CBA58D062BEDBC001C79E7,
				76CBA58E062BEDBC001C79E7,
				76CBA58F062BEDBC001C79E7,
				76CBA590062BEDBC001C79E7,
				76CBA591062BEDBC001C79E7,
				76CBA592062BEDBC001C79E7,
				76CBA593062BEDBC001C79E7,
				76CBA594062BEDBC001C79E7,
				76CBA595062BEDBC001C79E7,
				76CBA596062BEDBC001C79E7,
				76CBA597062BEDBC001C79E7,
			);
			isa = PBXGroup;
			path = graphics;
			refType = 4;
			sourceTree = "<group>";
		};
		76CBA581062BEDBC001C79E7 = {
			fileEncoding = 30;
			isa = PBXFileReference;
			lastKnownFileType = sourcecode.cpp.cpp;
			path = gcamera.cp;
			refType = 4;
			sourceTree = "<group>";
		};
		76CBA582062BEDBC001C79E7 = {
			fileEncoding = 30;
			isa = PBXFileReference;
			lastKnownFileType = sourcecode.c.h;
			path = gcamera.h;
			refType = 4;
			sourceTree = "<group>";
		};
		76CBA583062BEDBC001C79E7 = {
			fileEncoding = 30;
			isa = PBXFileReference;
			lastKnownFileType = sourcecode.cpp.cpp;
			path = glight.cp;
			refType = 4;
			sourceTree = "<group>";
		};
		76CBA584062BEDBC001C79E7 = {
			fileEncoding = 30;
			isa = PBXFileReference;
			lastKnownFileType = sourcecode.c.h;
			path = glight.h;
			refType = 4;
			sourceTree = "<group>";
		};
		76CBA585062BEDBC001C79E7 = {
			fileEncoding = 30;
			isa = PBXFileReference;
			lastKnownFileType = sourcecode.cpp.cpp;
			path = gline.cp;
			refType = 4;
			sourceTree = "<group>";
		};
		76CBA586062BEDBC001C79E7 = {
			fileEncoding = 30;
			isa = PBXFileReference;
			lastKnownFileType = sourcecode.c.h;
			path = gline.h;
			refType = 4;
			sourceTree = "<group>";
		};
		76CBA587062BEDBC001C79E7 = {
			fileEncoding = 30;
			isa = PBXFileReference;
			lastKnownFileType = sourcecode.cpp.cpp;
			path = gmisc.cp;
			refType = 4;
			sourceTree = "<group>";
		};
		76CBA588062BEDBC001C79E7 = {
			fileEncoding = 30;
			isa = PBXFileReference;
			lastKnownFileType = sourcecode.c.h;
			path = gmisc.h;
			refType = 4;
			sourceTree = "<group>";
		};
		76CBA589062BEDBC001C79E7 = {
			fileEncoding = 30;
			isa = PBXFileReference;
			lastKnownFileType = sourcecode.cpp.cpp;
			path = gobject.cp;
			refType = 4;
			sourceTree = "<group>";
		};
		76CBA58A062BEDBC001C79E7 = {
			fileEncoding = 30;
			isa = PBXFileReference;
			lastKnownFileType = sourcecode.c.h;
			path = gobject.h;
			refType = 4;
			sourceTree = "<group>";
		};
		76CBA58B062BEDBC001C79E7 = {
			fileEncoding = 30;
			isa = PBXFileReference;
			lastKnownFileType = sourcecode.cpp.cpp;
			path = gpoint.cp;
			refType = 4;
			sourceTree = "<group>";
		};
		76CBA58C062BEDBC001C79E7 = {
			fileEncoding = 30;
			isa = PBXFileReference;
			lastKnownFileType = sourcecode.c.h;
			path = gpoint.h;
			refType = 4;
			sourceTree = "<group>";
		};
		76CBA58D062BEDBC001C79E7 = {
			fileEncoding = 30;
			isa = PBXFileReference;
			lastKnownFileType = sourcecode.cpp.cpp;
			path = gpolygon.cp;
			refType = 4;
			sourceTree = "<group>";
		};
		76CBA58E062BEDBC001C79E7 = {
			fileEncoding = 30;
			isa = PBXFileReference;
			lastKnownFileType = sourcecode.c.h;
			path = gpolygon.h;
			refType = 4;
			sourceTree = "<group>";
		};
		76CBA58F062BEDBC001C79E7 = {
			fileEncoding = 30;
			isa = PBXFileReference;
			lastKnownFileType = sourcecode.c.h;
			path = graphics.h;
			refType = 4;
			sourceTree = "<group>";
		};
		76CBA590062BEDBC001C79E7 = {
			fileEncoding = 30;
			isa = PBXFileReference;
			lastKnownFileType = sourcecode.cpp.cpp;
			path = grect.cp;
			refType = 4;
			sourceTree = "<group>";
		};
		76CBA591062BEDBC001C79E7 = {
			fileEncoding = 30;
			isa = PBXFileReference;
			lastKnownFileType = sourcecode.c.h;
			path = grect.h;
			refType = 4;
			sourceTree = "<group>";
		};
		76CBA592062BEDBC001C79E7 = {
			fileEncoding = 30;
			isa = PBXFileReference;
			lastKnownFileType = sourcecode.cpp.cpp;
			path = gscene.cp;
			refType = 4;
			sourceTree = "<group>";
		};
		76CBA593062BEDBC001C79E7 = {
			fileEncoding = 30;
			isa = PBXFileReference;
			lastKnownFileType = sourcecode.c.h;
			path = gscene.h;
			refType = 4;
			sourceTree = "<group>";
		};
		76CBA594062BEDBC001C79E7 = {
			fileEncoding = 30;
			isa = PBXFileReference;
			lastKnownFileType = sourcecode.cpp.cpp;
			path = gsquare.cp;
			refType = 4;
			sourceTree = "<group>";
		};
		76CBA595062BEDBC001C79E7 = {
			fileEncoding = 30;
			isa = PBXFileReference;
			lastKnownFileType = sourcecode.c.h;
			path = gsquare.h;
			refType = 4;
			sourceTree = "<group>";
		};
		76CBA596062BEDBC001C79E7 = {
			fileEncoding = 30;
			isa = PBXFileReference;
			lastKnownFileType = sourcecode.cpp.cpp;
			path = gstage.cp;
			refType = 4;
			sourceTree = "<group>";
		};
		76CBA597062BEDBC001C79E7 = {
			fileEncoding = 30;
			isa = PBXFileReference;
			lastKnownFileType = sourcecode.c.h;
			path = gstage.h;
			refType = 4;
			sourceTree = "<group>";
		};
		76CBA598062BEDBC001C79E7 = {
			children = (
				76AA4626073AAF7E00508D3D,
				76AA4627073AAF7E00508D3D,
				76CBA599062BEDBC001C79E7,
				76CBA59A062BEDBC001C79E7,
				76CBA59B062BEDBC001C79E7,
				76CBA59C062BEDBC001C79E7,
				76CBA59D062BEDBC001C79E7,
				76CBA59E062BEDBC001C79E7,
				84ED837A062E7EED00AEEA18,
				84ED837B062E7EED00AEEA18,
				76CBA59F062BEDBC001C79E7,
				76CBA5A0062BEDBC001C79E7,
				76CBA5A1062BEDBC001C79E7,
				76CBA5A2062BEDBC001C79E7,
			);
			isa = PBXGroup;
			path = ui;
			refType = 4;
			sourceTree = "<group>";
		};
		76CBA599062BEDBC001C79E7 = {
			fileEncoding = 30;
			isa = PBXFileReference;
			lastKnownFileType = sourcecode.cpp.cpp;
			path = BrainMonitorWindow.cp;
			refType = 4;
			sourceTree = "<group>";
		};
		76CBA59A062BEDBC001C79E7 = {
			fileEncoding = 30;
			isa = PBXFileReference;
			lastKnownFileType = sourcecode.c.h;
			path = BrainMonitorWindow.h;
			refType = 4;
			sourceTree = "<group>";
		};
		76CBA59B062BEDBC001C79E7 = {
			fileEncoding = 30;
			isa = PBXFileReference;
			lastKnownFileType = sourcecode.cpp.cpp;
			path = CameraController.cp;
			refType = 4;
			sourceTree = "<group>";
		};
		76CBA59C062BEDBC001C79E7 = {
			fileEncoding = 30;
			isa = PBXFileReference;
			lastKnownFileType = sourcecode.c.h;
			path = CameraController.h;
			refType = 4;
			sourceTree = "<group>";
		};
		76CBA59D062BEDBC001C79E7 = {
			fileEncoding = 30;
			isa = PBXFileReference;
			lastKnownFileType = sourcecode.cpp.cpp;
			path = ChartWindow.cp;
			refType = 4;
			sourceTree = "<group>";
		};
		76CBA59E062BEDBC001C79E7 = {
			fileEncoding = 30;
			isa = PBXFileReference;
			lastKnownFileType = sourcecode.c.h;
			path = ChartWindow.h;
			refType = 4;
			sourceTree = "<group>";
		};
		76CBA59F062BEDBC001C79E7 = {
			fileEncoding = 30;
			isa = PBXFileReference;
			lastKnownFileType = sourcecode.cpp.cpp;
			path = Menu.cp;
			refType = 4;
			sourceTree = "<group>";
		};
		76CBA5A0062BEDBC001C79E7 = {
			fileEncoding = 30;
			isa = PBXFileReference;
			lastKnownFileType = sourcecode.c.h;
			path = Menu.h;
			refType = 4;
			sourceTree = "<group>";
		};
		76CBA5A1062BEDBC001C79E7 = {
			fileEncoding = 30;
			isa = PBXFileReference;
			lastKnownFileType = sourcecode.cpp.cpp;
			path = SceneView.cp;
			refType = 4;
			sourceTree = "<group>";
		};
		76CBA5A2062BEDBC001C79E7 = {
			fileEncoding = 30;
			isa = PBXFileReference;
			lastKnownFileType = sourcecode.c.h;
			path = SceneView.h;
			refType = 4;
			sourceTree = "<group>";
		};
		76CBA5A3062BEDBC001C79E7 = {
			children = (
				76CBA5A4062BEDBC001C79E7,
				76CBA5A5062BEDBC001C79E7,
				769996580742BCF0001B0A65,
				76CBA5A6062BEDBC001C79E7,
				76CBA5A7062BEDBC001C79E7,
				76CBA5A8062BEDBC001C79E7,
				76CBA5A9062BEDBC001C79E7,
				76CBA5AA062BEDBC001C79E7,
				7668D1680885AC65004158C6,
				7668D16A0885AD07004158C6,
			);
			isa = PBXGroup;
			path = utils;
			refType = 4;
			sourceTree = "<group>";
		};
		76CBA5A4062BEDBC001C79E7 = {
			fileEncoding = 30;
			isa = PBXFileReference;
			lastKnownFileType = sourcecode.cpp.cpp;
			path = error.cp;
			refType = 4;
			sourceTree = "<group>";
		};
		76CBA5A5062BEDBC001C79E7 = {
			fileEncoding = 30;
			isa = PBXFileReference;
			lastKnownFileType = sourcecode.c.h;
			path = error.h;
			refType = 4;
			sourceTree = "<group>";
		};
		76CBA5A6062BEDBC001C79E7 = {
			fileEncoding = 30;
			isa = PBXFileReference;
			lastKnownFileType = sourcecode.cpp.cpp;
			path = indexlist.cp;
			refType = 4;
			sourceTree = "<group>";
		};
		76CBA5A7062BEDBC001C79E7 = {
			fileEncoding = 30;
			isa = PBXFileReference;
			lastKnownFileType = sourcecode.c.h;
			path = indexlist.h;
			refType = 4;
			sourceTree = "<group>";
		};
		76CBA5A8062BEDBC001C79E7 = {
			fileEncoding = 30;
			isa = PBXFileReference;
			lastKnownFileType = sourcecode.cpp.cpp;
			path = misc.cp;
			refType = 4;
			sourceTree = "<group>";
		};
		76CBA5A9062BEDBC001C79E7 = {
			fileEncoding = 30;
			isa = PBXFileReference;
			lastKnownFileType = sourcecode.c.h;
			path = misc.h;
			refType = 4;
			sourceTree = "<group>";
		};
		76CBA5AA062BEDBC001C79E7 = {
			fileEncoding = 30;
			isa = PBXFileReference;
			lastKnownFileType = sourcecode.c.h;
			path = objectlist.h;
			refType = 4;
			sourceTree = "<group>";
		};
		76CBA5AD062BEDBC001C79E7 = {
			fileRef = 76CBA574062BEDBC001C79E7;
			isa = PBXBuildFile;
			settings = {
			};
		};
		76CBA5AE062BEDBC001C79E7 = {
			fileRef = 76CBA575062BEDBC001C79E7;
			isa = PBXBuildFile;
			settings = {
			};
		};
		76CBA5AF062BEDBC001C79E7 = {
			fileRef = 76CBA576062BEDBC001C79E7;
			isa = PBXBuildFile;
			settings = {
			};
		};
		76CBA5B0062BEDBC001C79E7 = {
			fileRef = 76CBA577062BEDBC001C79E7;
			isa = PBXBuildFile;
			settings = {
			};
		};
		76CBA5B1062BEDBC001C79E7 = {
			fileRef = 76CBA578062BEDBC001C79E7;
			isa = PBXBuildFile;
			settings = {
			};
		};
		76CBA5B2062BEDBC001C79E7 = {
			fileRef = 76CBA579062BEDBC001C79E7;
			isa = PBXBuildFile;
			settings = {
			};
		};
		76CBA5B3062BEDBC001C79E7 = {
			fileRef = 76CBA57B062BEDBC001C79E7;
			isa = PBXBuildFile;
			settings = {
			};
		};
		76CBA5B4062BEDBC001C79E7 = {
			fileRef = 76CBA57C062BEDBC001C79E7;
			isa = PBXBuildFile;
			settings = {
			};
		};
		76CBA5B5062BEDBC001C79E7 = {
			fileRef = 76CBA57D062BEDBC001C79E7;
			isa = PBXBuildFile;
			settings = {
			};
		};
		76CBA5B6062BEDBC001C79E7 = {
			fileRef = 76CBA57E062BEDBC001C79E7;
			isa = PBXBuildFile;
			settings = {
			};
		};
		76CBA5B7062BEDBC001C79E7 = {
			fileRef = 76CBA57F062BEDBC001C79E7;
			isa = PBXBuildFile;
			settings = {
			};
		};
		76CBA5B8062BEDBC001C79E7 = {
			fileRef = 76CBA581062BEDBC001C79E7;
			isa = PBXBuildFile;
			settings = {
			};
		};
		76CBA5B9062BEDBC001C79E7 = {
			fileRef = 76CBA582062BEDBC001C79E7;
			isa = PBXBuildFile;
			settings = {
			};
		};
		76CBA5BA062BEDBC001C79E7 = {
			fileRef = 76CBA583062BEDBC001C79E7;
			isa = PBXBuildFile;
			settings = {
			};
		};
		76CBA5BB062BEDBC001C79E7 = {
			fileRef = 76CBA584062BEDBC001C79E7;
			isa = PBXBuildFile;
			settings = {
			};
		};
		76CBA5BC062BEDBC001C79E7 = {
			fileRef = 76CBA585062BEDBC001C79E7;
			isa = PBXBuildFile;
			settings = {
			};
		};
		76CBA5BD062BEDBC001C79E7 = {
			fileRef = 76CBA586062BEDBC001C79E7;
			isa = PBXBuildFile;
			settings = {
			};
		};
		76CBA5BE062BEDBC001C79E7 = {
			fileRef = 76CBA587062BEDBC001C79E7;
			isa = PBXBuildFile;
			settings = {
			};
		};
		76CBA5BF062BEDBC001C79E7 = {
			fileRef = 76CBA588062BEDBC001C79E7;
			isa = PBXBuildFile;
			settings = {
			};
		};
		76CBA5C0062BEDBC001C79E7 = {
			fileRef = 76CBA589062BEDBC001C79E7;
			isa = PBXBuildFile;
			settings = {
			};
		};
		76CBA5C1062BEDBC001C79E7 = {
			fileRef = 76CBA58A062BEDBC001C79E7;
			isa = PBXBuildFile;
			settings = {
			};
		};
		76CBA5C2062BEDBC001C79E7 = {
			fileRef = 76CBA58B062BEDBC001C79E7;
			isa = PBXBuildFile;
			settings = {
			};
		};
		76CBA5C3062BEDBC001C79E7 = {
			fileRef = 76CBA58C062BEDBC001C79E7;
			isa = PBXBuildFile;
			settings = {
			};
		};
		76CBA5C4062BEDBC001C79E7 = {
			fileRef = 76CBA58D062BEDBC001C79E7;
			isa = PBXBuildFile;
			settings = {
			};
		};
		76CBA5C5062BEDBC001C79E7 = {
			fileRef = 76CBA58E062BEDBC001C79E7;
			isa = PBXBuildFile;
			settings = {
			};
		};
		76CBA5C6062BEDBC001C79E7 = {
			fileRef = 76CBA58F062BEDBC001C79E7;
			isa = PBXBuildFile;
			settings = {
			};
		};
		76CBA5C7062BEDBC001C79E7 = {
			fileRef = 76CBA590062BEDBC001C79E7;
			isa = PBXBuildFile;
			settings = {
			};
		};
		76CBA5C8062BEDBC001C79E7 = {
			fileRef = 76CBA591062BEDBC001C79E7;
			isa = PBXBuildFile;
			settings = {
			};
		};
		76CBA5C9062BEDBC001C79E7 = {
			fileRef = 76CBA592062BEDBC001C79E7;
			isa = PBXBuildFile;
			settings = {
			};
		};
		76CBA5CA062BEDBC001C79E7 = {
			fileRef = 76CBA593062BEDBC001C79E7;
			isa = PBXBuildFile;
			settings = {
			};
		};
		76CBA5CB062BEDBC001C79E7 = {
			fileRef = 76CBA594062BEDBC001C79E7;
			isa = PBXBuildFile;
			settings = {
			};
		};
		76CBA5CC062BEDBC001C79E7 = {
			fileRef = 76CBA595062BEDBC001C79E7;
			isa = PBXBuildFile;
			settings = {
			};
		};
		76CBA5CD062BEDBC001C79E7 = {
			fileRef = 76CBA596062BEDBC001C79E7;
			isa = PBXBuildFile;
			settings = {
			};
		};
		76CBA5CE062BEDBC001C79E7 = {
			fileRef = 76CBA597062BEDBC001C79E7;
			isa = PBXBuildFile;
			settings = {
			};
		};
		76CBA5CF062BEDBC001C79E7 = {
			fileRef = 76CBA599062BEDBC001C79E7;
			isa = PBXBuildFile;
			settings = {
			};
		};
		76CBA5D0062BEDBC001C79E7 = {
			fileRef = 76CBA59A062BEDBC001C79E7;
			isa = PBXBuildFile;
			settings = {
			};
		};
		76CBA5D2062BEDBC001C79E7 = {
			fileRef = 76CBA59C062BEDBC001C79E7;
			isa = PBXBuildFile;
			settings = {
			};
		};
		76CBA5D3062BEDBC001C79E7 = {
			fileRef = 76CBA59D062BEDBC001C79E7;
			isa = PBXBuildFile;
			settings = {
			};
		};
		76CBA5D4062BEDBC001C79E7 = {
			fileRef = 76CBA59E062BEDBC001C79E7;
			isa = PBXBuildFile;
			settings = {
			};
		};
		76CBA5D6062BEDBC001C79E7 = {
			fileRef = 76CBA5A0062BEDBC001C79E7;
			isa = PBXBuildFile;
			settings = {
			};
		};
		76CBA5D7062BEDBC001C79E7 = {
			fileRef = 76CBA5A1062BEDBC001C79E7;
			isa = PBXBuildFile;
			settings = {
			};
		};
		76CBA5D8062BEDBC001C79E7 = {
			fileRef = 76CBA5A2062BEDBC001C79E7;
			isa = PBXBuildFile;
			settings = {
			};
		};
		76CBA5D9062BEDBC001C79E7 = {
			fileRef = 76CBA5A4062BEDBC001C79E7;
			isa = PBXBuildFile;
			settings = {
			};
		};
		76CBA5DA062BEDBC001C79E7 = {
			fileRef = 76CBA5A5062BEDBC001C79E7;
			isa = PBXBuildFile;
			settings = {
			};
		};
		76CBA5DB062BEDBC001C79E7 = {
			fileRef = 76CBA5A6062BEDBC001C79E7;
			isa = PBXBuildFile;
			settings = {
			};
		};
		76CBA5DC062BEDBC001C79E7 = {
			fileRef = 76CBA5A7062BEDBC001C79E7;
			isa = PBXBuildFile;
			settings = {
			};
		};
		76CBA5DD062BEDBC001C79E7 = {
			fileRef = 76CBA5A8062BEDBC001C79E7;
			isa = PBXBuildFile;
			settings = {
			};
		};
		76CBA5DE062BEDBC001C79E7 = {
			fileRef = 76CBA5A9062BEDBC001C79E7;
			isa = PBXBuildFile;
			settings = {
			};
		};
		76CBA5DF062BEDBC001C79E7 = {
			fileRef = 76CBA5AA062BEDBC001C79E7;
			isa = PBXBuildFile;
			settings = {
			};
		};
		76CBA5E2062BEE2B001C79E7 = {
			fileEncoding = 30;
			isa = PBXFileReference;
			lastKnownFileType = text;
			path = critter.obj;
			refType = 4;
			sourceTree = "<group>";
		};
		76CBA5E3062BEE2B001C79E7 = {
			fileEncoding = 30;
			isa = PBXFileReference;
			lastKnownFileType = text;
			path = ground.obj;
			refType = 4;
			sourceTree = "<group>";
		};
		76CBA5E4062BEE2B001C79E7 = {
			fileRef = 76CBA5E2062BEE2B001C79E7;
			isa = PBXBuildFile;
			settings = {
			};
		};
		76CBA5E5062BEE2B001C79E7 = {
			fileRef = 76CBA5E3062BEE2B001C79E7;
			isa = PBXBuildFile;
			settings = {
			};
		};
		76CBA7CC062D11C2001C79E7 = {
			isa = PBXFileReference;
			lastKnownFileType = wrapper.framework;
			name = OpenGL.framework;
			path = /System/Library/Frameworks/OpenGL.framework;
			refType = 0;
			sourceTree = "<absolute>";
		};
		76CBA7CD062D11C2001C79E7 = {
			fileRef = 76CBA7CC062D11C2001C79E7;
			isa = PBXBuildFile;
			settings = {
			};
		};
		76D02AE30894875A00D89155 = {
			fileRef = 76AA4616073AAEFF00508D3D;
			isa = PBXBuildFile;
			settings = {
			};
		};
		76D02AE40894875B00D89155 = {
			fileRef = 76CBA7CC062D11C2001C79E7;
			isa = PBXBuildFile;
			settings = {
			};
		};
		76D02AE50894875D00D89155 = {
			fileRef = 20286C33FDCF999611CA2CEA;
			isa = PBXBuildFile;
			settings = {
			};
		};
		76D02AE60894875E00D89155 = {
			fileRef = 0249A66BFF388E3F11CA2CEA;
			isa = PBXBuildFile;
			settings = {
			};
		};
		76D02AFD0894900E00D89155 = {
			buildPhases = (
				76D02AFE0894900E00D89155,
			);
			buildSettings = {
				OTHER_CFLAGS = "";
				OTHER_LDFLAGS = "";
				OTHER_REZFLAGS = "";
				PRODUCT_NAME = moc;
				SECTORDER_FLAGS = "";
				WARNING_CFLAGS = "-Wmost -Wno-four-char-constants -Wno-unknown-pragmas";
			};
			dependencies = (
			);
			isa = PBXAggregateTarget;
			name = moc_PwMoviePlayer;
			productName = moc;
		};
		76D02AFE0894900E00D89155 = {
			buildActionMask = 2147483647;
			files = (
			);
			inputPaths = (
			);
			isa = PBXShellScriptBuildPhase;
			outputPaths = (
			);
			runOnlyForDeploymentPostprocessing = 0;
			shellPath = /bin/sh;
			shellScript = "#echo QtBin = $QtBin\n#echo QtLib = $QtLib\n#echo QtInc = $QtInc\n\nif [ PwMoviePlayer/PwMoviePlayer.h -nt PwMoviePlayer/moc_PwMoviePlayer.cpp ]; then $QtBin/moc PwMoviePlayer/PwMoviePlayer.h -o PwMoviePlayer/moc_PwMoviePlayer.cpp; fi\nif [ PwMoviePlayer/MainWindow.h    -nt PwMoviePlayer/moc_MainWindow.cpp    ]; then $QtBin/moc PwMoviePlayer/MainWindow.h    -o PwMoviePlayer/moc_MainWindow.cpp   ; fi\nif [ PwMoviePlayer/GLWidget.h      -nt PwMoviePlayer/moc_GLWidget.cpp      ]; then $QtBin/moc PwMoviePlayer/GLWidget.h      -o PwMoviePlayer/moc_GLWidget.cpp     ; fi\nexit 0";
		};
		76D02B01089490DB00D89155 = {
			containerPortal = 20286C28FDCF999611CA2CEA;
			isa = PBXContainerItemProxy;
			proxyType = 1;
			remoteGlobalIDString = 76D02AFD0894900E00D89155;
			remoteInfo = moc_PwMoviePlayer;
		};
		76D02B02089490DB00D89155 = {
			isa = PBXTargetDependency;
			target = 76D02AFD0894900E00D89155;
			targetProxy = 76D02B01089490DB00D89155;
		};
		76D02B030894910800D89155 = {
			fileEncoding = 30;
			isa = PBXFileReference;
			lastKnownFileType = sourcecode.cpp.cpp;
			path = moc_MainWindow.cpp;
			refType = 4;
			sourceTree = "<group>";
		};
		76D02B040894910800D89155 = {
			fileEncoding = 30;
			isa = PBXFileReference;
			lastKnownFileType = sourcecode.cpp.cpp;
			path = moc_PwMoviePlayer.cpp;
			refType = 4;
			sourceTree = "<group>";
		};
		76D02B050894910800D89155 = {
			fileRef = 76D02B030894910800D89155;
			isa = PBXBuildFile;
			settings = {
			};
		};
		76D02B060894910800D89155 = {
			fileRef = 76D02B040894910800D89155;
			isa = PBXBuildFile;
			settings = {
			};
		};
		76D02CC00894CE2800D89155 = {
			fileEncoding = 30;
			isa = PBXFileReference;
			lastKnownFileType = sourcecode.c.h;
			path = GLWidget.h;
			refType = 4;
			sourceTree = "<group>";
		};
		76D02CC60894CEE300D89155 = {
			fileEncoding = 30;
			isa = PBXFileReference;
			lastKnownFileType = sourcecode.cpp.cpp;
			path = GLWidget.cp;
			refType = 4;
			sourceTree = "<group>";
		};
		76D02CC70894CEE300D89155 = {
			fileRef = 76D02CC60894CEE300D89155;
			isa = PBXBuildFile;
			settings = {
			};
		};
		76D02CE30894D30200D89155 = {
			fileEncoding = 30;
			isa = PBXFileReference;
			lastKnownFileType = sourcecode.cpp.cpp;
			path = moc_GLWidget.cpp;
			refType = 4;
			sourceTree = "<group>";
		};
		76D02CE40894D30200D89155 = {
			fileRef = 76D02CE30894D30200D89155;
			isa = PBXBuildFile;
			settings = {
			};
		};
//760
//761
//762
//763
//764
//840
//841
//842
//843
//844
		84ED837A062E7EED00AEEA18 = {
			fileEncoding = 30;
			isa = PBXFileReference;
			lastKnownFileType = sourcecode.cpp.cpp;
			path = CritterPOVWindow.cp;
			refType = 4;
			sourceTree = "<group>";
		};
		84ED837B062E7EED00AEEA18 = {
			fileEncoding = 30;
			isa = PBXFileReference;
			lastKnownFileType = sourcecode.c.h;
			path = CritterPOVWindow.h;
			refType = 4;
			sourceTree = "<group>";
		};
		84ED837C062E7EED00AEEA18 = {
			fileRef = 84ED837A062E7EED00AEEA18;
			isa = PBXBuildFile;
			settings = {
			};
		};
		84ED837D062E7EED00AEEA18 = {
			fileRef = 84ED837B062E7EED00AEEA18;
			isa = PBXBuildFile;
			settings = {
			};
		};
//840
//841
//842
//843
//844
//8D0
//8D1
//8D2
//8D3
//8D4
		8D0C4E890486CD37000505A6 = {
			buildPhases = (
				8D0C4E8A0486CD37000505A6,
				8D0C4E8C0486CD37000505A6,
				8D0C4E8F0486CD37000505A6,
				8D0C4E910486CD37000505A6,
				8D0C4E940486CD37000505A6,
				37577841078C8E8100CA4042,
			);
			buildRules = (
			);
			buildSettings = {
				FRAMEWORK_SEARCH_PATHS = "";
				GCC_ALTIVEC_EXTENSIONS = YES;
				GCC_ENABLE_TRIGRAPHS = NO;
				GCC_GENERATE_DEBUGGING_SYMBOLS = YES;
				GCC_PRECOMPILE_PREFIX_HEADER = YES;
				GCC_PREFIX_HEADER = PolyworldPrefix.pch;
				GCC_WARN_ABOUT_MISSING_PROTOTYPES = YES;
				GCC_WARN_CHECK_SWITCH_STATEMENTS = YES;
				GCC_WARN_EFFECTIVE_CPLUSPLUS_VIOLATIONS = NO;
				GCC_WARN_FOUR_CHARACTER_CONSTANTS = NO;
				GCC_WARN_HIDDEN_VIRTUAL_FUNCTIONS = YES;
				GCC_WARN_INHIBIT_ALL_WARNINGS = NO;
				GCC_WARN_INITIALIZER_NOT_FULLY_BRACKETED = YES;
				GCC_WARN_MISSING_PARENTHESES = YES;
				GCC_WARN_NON_VIRTUAL_DESTRUCTOR = YES;
				GCC_WARN_PEDANTIC = NO;
				GCC_WARN_SHADOW = NO;
				GCC_WARN_SIGN_COMPARE = YES;
				GCC_WARN_TYPECHECK_CALLS_TO_PRINTF = NO;
				GCC_WARN_UNINITIALIZED_AUTOS = NO;
				GCC_WARN_UNKNOWN_PRAGMAS = YES;
				GCC_WARN_UNUSED_FUNCTION = YES;
				GCC_WARN_UNUSED_LABEL = YES;
				GCC_WARN_UNUSED_PARAMETER = YES;
				GCC_WARN_UNUSED_VALUE = YES;
				GCC_WARN_UNUSED_VARIABLE = YES;
				HEADER_SEARCH_PATHS = "$QtInc $QtInc/Qt $QtInc/QtGui /System/Library/Frameworks/OpenGL.framework/Headers /System/Library/Frameworks/AGL.framework";
				INFOPLIST_FILE = Info.plist;
				INSTALL_PATH = "$(HOME)/Applications";
				LIBRARY_SEARCH_PATHS = $QtLib;
				LIBRARY_STYLE = Static;
				OTHER_CFLAGS = "-DQT_ACCESSIBILITY_SUPPORT -DQT_TABLET_SUPPORT";
				OTHER_LDFLAGS = "";
				OTHER_REZFLAGS = "";
				PREBINDING = YES;
				PRODUCT_NAME = Polyworld;
				SECTORDER_FLAGS = "";
				WARNING_CFLAGS = "-Wmost -Wno-four-char-constants -Wno-unknown-pragmas";
				WRAPPER_EXTENSION = app;
			};
			dependencies = (
				76B2FB70084CE761002FBDA1,
			);
			isa = PBXNativeTarget;
			name = Polyworld;
			productInstallPath = "$(HOME)/Applications";
			productName = Polyworld;
			productReference = 8D0C4E970486CD37000505A6;
			productType = "com.apple.product-type.application";
		};
		8D0C4E8A0486CD37000505A6 = {
			buildActionMask = 2147483647;
			files = (
				76CBA569062BED8E001C79E7,
				76CBA56C062BED8E001C79E7,
				76CBA56E062BED8E001C79E7,
				76CBA56F062BED8E001C79E7,
				76CBA572062BED8E001C79E7,
				76CBA5AE062BEDBC001C79E7,
				76CBA5B0062BEDBC001C79E7,
				76CBA5B2062BEDBC001C79E7,
				76CBA5B4062BEDBC001C79E7,
				76CBA5B6062BEDBC001C79E7,
				76CBA5B7062BEDBC001C79E7,
				76CBA5B9062BEDBC001C79E7,
				76CBA5BB062BEDBC001C79E7,
				76CBA5BD062BEDBC001C79E7,
				76CBA5BF062BEDBC001C79E7,
				76CBA5C1062BEDBC001C79E7,
				76CBA5C3062BEDBC001C79E7,
				76CBA5C5062BEDBC001C79E7,
				76CBA5C6062BEDBC001C79E7,
				76CBA5C8062BEDBC001C79E7,
				76CBA5CA062BEDBC001C79E7,
				76CBA5CC062BEDBC001C79E7,
				76CBA5CE062BEDBC001C79E7,
				76CBA5D0062BEDBC001C79E7,
				76CBA5D2062BEDBC001C79E7,
				76CBA5D4062BEDBC001C79E7,
				76CBA5D6062BEDBC001C79E7,
				76CBA5D8062BEDBC001C79E7,
				76CBA5DA062BEDBC001C79E7,
				76CBA5DC062BEDBC001C79E7,
				76CBA5DE062BEDBC001C79E7,
				76CBA5DF062BEDBC001C79E7,
				84ED837D062E7EED00AEEA18,
				76AA4629073AAF7E00508D3D,
				769996590742BCF0001B0A65,
				7668D16B0885AD07004158C6,
			);
			isa = PBXHeadersBuildPhase;
			runOnlyForDeploymentPostprocessing = 0;
		};
		8D0C4E8C0486CD37000505A6 = {
			buildActionMask = 2147483647;
			files = (
				8D0C4E8D0486CD37000505A6,
				76CBA5E4062BEE2B001C79E7,
				76CBA5E5062BEE2B001C79E7,
			);
			isa = PBXResourcesBuildPhase;
			runOnlyForDeploymentPostprocessing = 0;
		};
		8D0C4E8D0486CD37000505A6 = {
			fileRef = 0867D6AAFE840B52C02AAC07;
			isa = PBXBuildFile;
			settings = {
			};
		};
		8D0C4E8F0486CD37000505A6 = {
			buildActionMask = 2147483647;
			files = (
				76CBA568062BED8E001C79E7,
				76CBA56B062BED8E001C79E7,
				76CBA56D062BED8E001C79E7,
				76CBA571062BED8E001C79E7,
				76CBA5AD062BEDBC001C79E7,
				76CBA5AF062BEDBC001C79E7,
				76CBA5B1062BEDBC001C79E7,
				76CBA5B3062BEDBC001C79E7,
				76CBA5B5062BEDBC001C79E7,
				76CBA5B8062BEDBC001C79E7,
				76CBA5BA062BEDBC001C79E7,
				76CBA5BC062BEDBC001C79E7,
				76CBA5BE062BEDBC001C79E7,
				76CBA5C0062BEDBC001C79E7,
				76CBA5C2062BEDBC001C79E7,
				76CBA5C4062BEDBC001C79E7,
				76CBA5C7062BEDBC001C79E7,
				76CBA5C9062BEDBC001C79E7,
				76CBA5CB062BEDBC001C79E7,
				76CBA5CD062BEDBC001C79E7,
				76CBA5CF062BEDBC001C79E7,
				76CBA5D3062BEDBC001C79E7,
				76CBA5D7062BEDBC001C79E7,
				76CBA5D9062BEDBC001C79E7,
				76CBA5DB062BEDBC001C79E7,
				76CBA5DD062BEDBC001C79E7,
				84ED837C062E7EED00AEEA18,
				76AA4628073AAF7E00508D3D,
				37577669078C8C6200CA4042,
				3757766A078C8C6200CA4042,
				7668D1690885AC65004158C6,
			);
			isa = PBXSourcesBuildPhase;
			runOnlyForDeploymentPostprocessing = 0;
		};
		8D0C4E910486CD37000505A6 = {
			buildActionMask = 2147483647;
			files = (
				8D0C4E920486CD37000505A6,
				8D0C4E930486CD37000505A6,
				76CBA7CD062D11C2001C79E7,
				76AA4617073AAEFF00508D3D,
				373751E3078D762B00B1DFA0,
			);
			isa = PBXFrameworksBuildPhase;
			runOnlyForDeploymentPostprocessing = 0;
		};
		8D0C4E920486CD37000505A6 = {
			fileRef = 20286C33FDCF999611CA2CEA;
			isa = PBXBuildFile;
			settings = {
			};
		};
		8D0C4E930486CD37000505A6 = {
			fileRef = 0249A66BFF388E3F11CA2CEA;
			isa = PBXBuildFile;
			settings = {
			};
		};
		8D0C4E940486CD37000505A6 = {
			buildActionMask = 2147483647;
			files = (
			);
			isa = PBXRezBuildPhase;
			runOnlyForDeploymentPostprocessing = 0;
		};
		8D0C4E960486CD37000505A6 = {
			fileEncoding = 4;
			isa = PBXFileReference;
			lastKnownFileType = text.plist;
			path = Info.plist;
			refType = 4;
			sourceTree = "<group>";
		};
		8D0C4E970486CD37000505A6 = {
			explicitFileType = wrapper.application;
			includeInIndex = 0;
			isa = PBXFileReference;
			path = Polyworld.app;
			refType = 3;
			sourceTree = BUILT_PRODUCTS_DIR;
		};
	};
	rootObject = 20286C28FDCF999611CA2CEA;
}
